
Microsoft Visual Studio Solution File, Format Version 12.00
# Visual Studio Version 16
VisualStudioVersion = 16.0.34031.81
MinimumVisualStudioVersion = 10.0.40219.1
Project("{FAE04EC0-301F-11D3-BF4B-00C04F79EFBC}") = "WindowsFormsProject", "WindowsFormsProject\WindowsFormsProject.csproj", "{62279F74-BA39-45A4-875C-ACE2D2A5701F}"
EndProject
Global
	GlobalSection(SolutionConfigurationPlatforms) = preSolution
		Debug|Any CPU = Debug|Any CPU
		Release|Any CPU = Release|Any CPU
	EndGlobalSection
	GlobalSection(ProjectConfigurationPlatforms) = postSolution
		{62279F74-BA39-45A4-875C-ACE2D2A5701F}.Debug|Any CPU.ActiveCfg = Debug|Any CPU
		{62279F74-BA39-45A4-875C-ACE2D2A5701F}.Debug|Any CPU.Build.0 = Debug|Any CPU
		{62279F74-BA39-45A4-875C-ACE2D2A5701F}.Release|Any CPU.ActiveCfg = Release|Any CPU
		{62279F74-BA39-45A4-875C-ACE2D2A5701F}.Release|Any CPU.Build.0 = Release|Any CPU
	EndGlobalSection
	GlobalSection(SolutionProperties) = preSolution
		HideSolutionNode = FALSE
	EndGlobalSection
	GlobalSection(ExtensibilityGlobals) = postSolution
		SolutionGuid = {51623B95-3E62-45C5-9B49-95781D4F35F4}
	EndGlobalSection
EndGlobal
